
Microsoft Visual Studio Solution File, Format Version 12.00
# Visual Studio Version 17
VisualStudioVersion = 17.10.35122.118
MinimumVisualStudioVersion = 10.0.40219.1
Project("{9A19103F-16F7-4668-BE54-9A1E7A4F7556}") = "Library API", "Library API.csproj", "{53BD422E-CC79-4C03-BEFE-7ACEDCE6823F}"
EndProject
Project("{9A19103F-16F7-4668-BE54-9A1E7A4F7556}") = "Library API.Core", "..\Library API.core\Library API.Core.csproj", "{0AAE438D-9DE4-416B-9732-31DEBDE64A6B}"
EndProject
Project("{9A19103F-16F7-4668-BE54-9A1E7A4F7556}") = "Library API.DataAccess", "..\Library API.DataAccess\Library API.DataAccess.csproj", "{CC6966A5-4965-46EE-BB39-3727D39F3DCB}"
EndProject
Project("{9A19103F-16F7-4668-BE54-9A1E7A4F7556}") = "Library API.Application", "..\Library API.Application\Library API.Application.csproj", "{50A038C0-0208-4EFC-A3A0-4A712E3CBBB8}"
EndProject
Global
	GlobalSection(SolutionConfigurationPlatforms) = preSolution
		Debug|Any CPU = Debug|Any CPU
		Release|Any CPU = Release|Any CPU
	EndGlobalSection
	GlobalSection(ProjectConfigurationPlatforms) = postSolution
		{53BD422E-CC79-4C03-BEFE-7ACEDCE6823F}.Debug|Any CPU.ActiveCfg = Debug|Any CPU
		{53BD422E-CC79-4C03-BEFE-7ACEDCE6823F}.Debug|Any CPU.Build.0 = Debug|Any CPU
		{53BD422E-CC79-4C03-BEFE-7ACEDCE6823F}.Release|Any CPU.ActiveCfg = Release|Any CPU
		{53BD422E-CC79-4C03-BEFE-7ACEDCE6823F}.Release|Any CPU.Build.0 = Release|Any CPU
		{0AAE438D-9DE4-416B-9732-31DEBDE64A6B}.Debug|Any CPU.ActiveCfg = Debug|Any CPU
		{0AAE438D-9DE4-416B-9732-31DEBDE64A6B}.Debug|Any CPU.Build.0 = Debug|Any CPU
		{0AAE438D-9DE4-416B-9732-31DEBDE64A6B}.Release|Any CPU.ActiveCfg = Release|Any CPU
		{0AAE438D-9DE4-416B-9732-31DEBDE64A6B}.Release|Any CPU.Build.0 = Release|Any CPU
		{CC6966A5-4965-46EE-BB39-3727D39F3DCB}.Debug|Any CPU.ActiveCfg = Debug|Any CPU
		{CC6966A5-4965-46EE-BB39-3727D39F3DCB}.Debug|Any CPU.Build.0 = Debug|Any CPU
		{CC6966A5-4965-46EE-BB39-3727D39F3DCB}.Release|Any CPU.ActiveCfg = Release|Any CPU
		{CC6966A5-4965-46EE-BB39-3727D39F3DCB}.Release|Any CPU.Build.0 = Release|Any CPU
		{50A038C0-0208-4EFC-A3A0-4A712E3CBBB8}.Debug|Any CPU.ActiveCfg = Debug|Any CPU
		{50A038C0-0208-4EFC-A3A0-4A712E3CBBB8}.Debug|Any CPU.Build.0 = Debug|Any CPU
		{50A038C0-0208-4EFC-A3A0-4A712E3CBBB8}.Release|Any CPU.ActiveCfg = Release|Any CPU
		{50A038C0-0208-4EFC-A3A0-4A712E3CBBB8}.Release|Any CPU.Build.0 = Release|Any CPU
	EndGlobalSection
	GlobalSection(SolutionProperties) = preSolution
		HideSolutionNode = FALSE
	EndGlobalSection
	GlobalSection(ExtensibilityGlobals) = postSolution
		SolutionGuid = {43409B42-C129-43A5-B2D5-4F7C2BA8004E}
	EndGlobalSection
EndGlobal
